
Microsoft Visual Studio Solution File, Format Version 12.00
# Visual Studio Version 17
VisualStudioVersion = 17.1.32210.238
MinimumVisualStudioVersion = 10.0.40219.1
Project("{FAE04EC0-301F-11D3-BF4B-00C04F79EFBC}") = "ConsoleApp1", "ConsoleApp1\ConsoleApp1.csproj", "{35853CC3-EA51-4857-A57C-616C08E9F5EF}"
EndProject
Global
	GlobalSection(SolutionConfigurationPlatforms) = preSolution
		Debug|Any CPU = Debug|Any CPU
		Release|Any CPU = Release|Any CPU
	EndGlobalSection
	GlobalSection(ProjectConfigurationPlatforms) = postSolution
		{35853CC3-EA51-4857-A57C-616C08E9F5EF}.Debug|Any CPU.ActiveCfg = Debug|Any CPU
		{35853CC3-EA51-4857-A57C-616C08E9F5EF}.Debug|Any CPU.Build.0 = Debug|Any CPU
		{35853CC3-EA51-4857-A57C-616C08E9F5EF}.Release|Any CPU.ActiveCfg = Release|Any CPU
		{35853CC3-EA51-4857-A57C-616C08E9F5EF}.Release|Any CPU.Build.0 = Release|Any CPU
	EndGlobalSection
	GlobalSection(SolutionProperties) = preSolution
		HideSolutionNode = FALSE
	EndGlobalSection
	GlobalSection(ExtensibilityGlobals) = postSolution
		SolutionGuid = {865EF234-1254-48B2-83CE-47B88FBF63D5}
	EndGlobalSection
EndGlobal
